
Microsoft Visual Studio Solution File, Format Version 12.00
# Visual Studio Version 17
VisualStudioVersion = 17.5.33516.290
MinimumVisualStudioVersion = 10.0.40219.1
Project("{FAE04EC0-301F-11D3-BF4B-00C04F79EFBC}") = "FundamentalsCSharp", "FundamentalsCSharp\FundamentalsCSharp.csproj", "{5BA68D70-7218-4494-AB42-4E353F07EDCC}"
EndProject
Project("{FAE04EC0-301F-11D3-BF4B-00C04F79EFBC}") = "BonusNomeEsercizio", "BonusNomeEsercizio\BonusNomeEsercizio.csproj", "{8FFD83D4-6D6B-4D06-91C7-7DA2305C9F49}"
EndProject
Project("{FAE04EC0-301F-11D3-BF4B-00C04F79EFBC}") = "ClassMusicStats", "ClassMusicStats\ClassMusicStats.csproj", "{EF6EF65C-C7BF-405A-8292-DF0AA63C357A}"
EndProject
Global
	GlobalSection(SolutionConfigurationPlatforms) = preSolution
		Debug|Any CPU = Debug|Any CPU
		Release|Any CPU = Release|Any CPU
	EndGlobalSection
	GlobalSection(ProjectConfigurationPlatforms) = postSolution
		{5BA68D70-7218-4494-AB42-4E353F07EDCC}.Debug|Any CPU.ActiveCfg = Debug|Any CPU
		{5BA68D70-7218-4494-AB42-4E353F07EDCC}.Debug|Any CPU.Build.0 = Debug|Any CPU
		{5BA68D70-7218-4494-AB42-4E353F07EDCC}.Release|Any CPU.ActiveCfg = Release|Any CPU
		{5BA68D70-7218-4494-AB42-4E353F07EDCC}.Release|Any CPU.Build.0 = Release|Any CPU
		{8FFD83D4-6D6B-4D06-91C7-7DA2305C9F49}.Debug|Any CPU.ActiveCfg = Debug|Any CPU
		{8FFD83D4-6D6B-4D06-91C7-7DA2305C9F49}.Debug|Any CPU.Build.0 = Debug|Any CPU
		{8FFD83D4-6D6B-4D06-91C7-7DA2305C9F49}.Release|Any CPU.ActiveCfg = Release|Any CPU
		{8FFD83D4-6D6B-4D06-91C7-7DA2305C9F49}.Release|Any CPU.Build.0 = Release|Any CPU
		{EF6EF65C-C7BF-405A-8292-DF0AA63C357A}.Debug|Any CPU.ActiveCfg = Debug|Any CPU
		{EF6EF65C-C7BF-405A-8292-DF0AA63C357A}.Debug|Any CPU.Build.0 = Debug|Any CPU
		{EF6EF65C-C7BF-405A-8292-DF0AA63C357A}.Release|Any CPU.ActiveCfg = Release|Any CPU
		{EF6EF65C-C7BF-405A-8292-DF0AA63C357A}.Release|Any CPU.Build.0 = Release|Any CPU
	EndGlobalSection
	GlobalSection(SolutionProperties) = preSolution
		HideSolutionNode = FALSE
	EndGlobalSection
	GlobalSection(ExtensibilityGlobals) = postSolution
		SolutionGuid = {473476AB-C931-4EB4-AB15-70137F4C68CB}
	EndGlobalSection
EndGlobal
